
Microsoft Visual Studio Solution File, Format Version 12.00
# Visual Studio Version 16
VisualStudioVersion = 16.0.28803.156
MinimumVisualStudioVersion = 10.0.40219.1
Project("{9A19103F-16F7-4668-BE54-9A1E7A4F7556}") = "timeseries_msal_devicecode", "timeseries_msal_devicecode.csproj", "{C390C4D9-AD54-4ACC-BEB9-8319783830D5}"
EndProject
Global
	GlobalSection(SolutionConfigurationPlatforms) = preSolution
		Debug|Any CPU = Debug|Any CPU
		Release|Any CPU = Release|Any CPU
	EndGlobalSection
	GlobalSection(ProjectConfigurationPlatforms) = postSolution
		{C390C4D9-AD54-4ACC-BEB9-8319783830D5}.Debug|Any CPU.ActiveCfg = Debug|Any CPU
		{C390C4D9-AD54-4ACC-BEB9-8319783830D5}.Debug|Any CPU.Build.0 = Debug|Any CPU
		{C390C4D9-AD54-4ACC-BEB9-8319783830D5}.Release|Any CPU.ActiveCfg = Release|Any CPU
		{C390C4D9-AD54-4ACC-BEB9-8319783830D5}.Release|Any CPU.Build.0 = Release|Any CPU
	EndGlobalSection
	GlobalSection(SolutionProperties) = preSolution
		HideSolutionNode = FALSE
	EndGlobalSection
	GlobalSection(ExtensibilityGlobals) = postSolution
		SolutionGuid = {E5231972-5360-432F-8766-A5DBA530440A}
	EndGlobalSection
EndGlobal
